{
    __meta__ = {
        version = "1.0"
    },
    ["windows|x64"] = {
        ["cmake#31fecfc4"] = {
            repo = {
                branch = "master",
                commit = "306f568c29f219d44efb6b987ffc37bf5659b9b1",
                url = "https://gitlab.com/tboox/xmake-repo.git"
            },
            version = "3.31.6-msvc6"
        },
        ["rapidcsv#31fecfc4"] = {
            repo = {
                branch = "master",
                commit = "306f568c29f219d44efb6b987ffc37bf5659b9b1",
                url = "https://gitlab.com/tboox/xmake-repo.git"
            },
            version = "v8.85"
        },
        ["spdlog#9c36f0a9"] = {
            repo = {
                branch = "master",
                commit = "306f568c29f219d44efb6b987ffc37bf5659b9b1",
                url = "https://gitlab.com/tboox/xmake-repo.git"
            },
            version = "v1.15.3"
        }
    }
}